// !$*UTF8*$!
{
	archiveVersion = 1;
	classes = {
	};
	objectVersion = 46;
	objects = {

/* Begin PBXBuildFile section */
		0634B3B91A9B56B80060AB05 /* Utils.swift in Sources */ = {isa = PBXBuildFile; fileRef = 0634B3B81A9B56B80060AB05 /* Utils.swift */; };
		0634B3C01A9B58E20060AB05 /* CustomUIAlertView.swift in Sources */ = {isa = PBXBuildFile; fileRef = 0634B3BF1A9B58E20060AB05 /* CustomUIAlertView.swift */; };
		06C902691A9B50EC0058935D /* AppDelegate.swift in Sources */ = {isa = PBXBuildFile; fileRef = 06C902681A9B50EC0058935D /* AppDelegate.swift */; };
		06C902701A9B50EC0058935D /* Images.xcassets in Resources */ = {isa = PBXBuildFile; fileRef = 06C9026F1A9B50EC0058935D /* Images.xcassets */; };
		06C902731A9B50EC0058935D /* LaunchScreen.xib in Resources */ = {isa = PBXBuildFile; fileRef = 06C902711A9B50EC0058935D /* LaunchScreen.xib */; };
		06C9027F1A9B50EC0058935D /* BaseProjectTests.swift in Sources */ = {isa = PBXBuildFile; fileRef = 06C9027E1A9B50EC0058935D /* BaseProjectTests.swift */; };
		06C9028A1A9B51330058935D /* MainViewController.swift in Sources */ = {isa = PBXBuildFile; fileRef = 06C902881A9B51330058935D /* MainViewController.swift */; };
		06C9028B1A9B51330058935D /* MainViewController.xib in Resources */ = {isa = PBXBuildFile; fileRef = 06C902891A9B51330058935D /* MainViewController.xib */; };
		06C9028F1A9B51760058935D /* BaseNavigationController.swift in Sources */ = {isa = PBXBuildFile; fileRef = 06C9028E1A9B51760058935D /* BaseNavigationController.swift */; };
		06C902921A9B51B30058935D /* BaseViewController.swift in Sources */ = {isa = PBXBuildFile; fileRef = 06C902911A9B51B30058935D /* BaseViewController.swift */; };
		C8FC0C44EACD930F67FE827D /* libPods-BaseProject.a in Frameworks */ = {isa = PBXBuildFile; fileRef = 7CCF2E67127BC0F501B3BECB /* libPods-BaseProject.a */; };
/* End PBXBuildFile section */

/* Begin PBXContainerItemProxy section */
		06C902791A9B50EC0058935D /* PBXContainerItemProxy */ = {
			isa = PBXContainerItemProxy;
			containerPortal = 06C9025B1A9B50EB0058935D /* Project object */;
			proxyType = 1;
			remoteGlobalIDString = 06C902621A9B50EB0058935D;
			remoteInfo = BaseProject;
		};
/* End PBXContainerItemProxy section */

/* Begin PBXFileReference section */
		0634B3B81A9B56B80060AB05 /* Utils.swift */ = {isa = PBXFileReference; fileEncoding = 4; lastKnownFileType = sourcecode.swift; path = Utils.swift; sourceTree = "<group>"; };
		0634B3BA1A9B56CE0060AB05 /* BaseProject-Bridging-Header.h */ = {isa = PBXFileReference; lastKnownFileType = sourcecode.c.h; path = "BaseProject-Bridging-Header.h"; sourceTree = "<group>"; };
		0634B3BD1A9B56EC0060AB05 /* Constants.h */ = {isa = PBXFileReference; fileEncoding = 4; lastKnownFileType = sourcecode.c.h; path = Constants.h; sourceTree = "<group>"; };
		0634B3BF1A9B58E20060AB05 /* CustomUIAlertView.swift */ = {isa = PBXFileReference; fileEncoding = 4; lastKnownFileType = sourcecode.swift; path = CustomUIAlertView.swift; sourceTree = "<group>"; };
		06C902631A9B50EC0058935D /* BaseProject.app */ = {isa = PBXFileReference; explicitFileType = wrapper.application; includeInIndex = 0; path = BaseProject.app; sourceTree = BUILT_PRODUCTS_DIR; };
		06C902671A9B50EC0058935D /* Info.plist */ = {isa = PBXFileReference; lastKnownFileType = text.plist.xml; path = Info.plist; sourceTree = "<group>"; };
		06C902681A9B50EC0058935D /* AppDelegate.swift */ = {isa = PBXFileReference; lastKnownFileType = sourcecode.swift; path = AppDelegate.swift; sourceTree = "<group>"; };
		06C9026F1A9B50EC0058935D /* Images.xcassets */ = {isa = PBXFileReference; lastKnownFileType = folder.assetcatalog; path = Images.xcassets; sourceTree = "<group>"; };
		06C902721A9B50EC0058935D /* Base */ = {isa = PBXFileReference; lastKnownFileType = file.xib; name = Base; path = Base.lproj/LaunchScreen.xib; sourceTree = "<group>"; };
		06C902781A9B50EC0058935D /* BaseProjectTests.xctest */ = {isa = PBXFileReference; explicitFileType = wrapper.cfbundle; includeInIndex = 0; path = BaseProjectTests.xctest; sourceTree = BUILT_PRODUCTS_DIR; };
		06C9027D1A9B50EC0058935D /* Info.plist */ = {isa = PBXFileReference; lastKnownFileType = text.plist.xml; path = Info.plist; sourceTree = "<group>"; };
		06C9027E1A9B50EC0058935D /* BaseProjectTests.swift */ = {isa = PBXFileReference; lastKnownFileType = sourcecode.swift; path = BaseProjectTests.swift; sourceTree = "<group>"; };
		06C902881A9B51330058935D /* MainViewController.swift */ = {isa = PBXFileReference; fileEncoding = 4; lastKnownFileType = sourcecode.swift; path = MainViewController.swift; sourceTree = "<group>"; };
		06C902891A9B51330058935D /* MainViewController.xib */ = {isa = PBXFileReference; fileEncoding = 4; lastKnownFileType = file.xib; path = MainViewController.xib; sourceTree = "<group>"; };
		06C9028E1A9B51760058935D /* BaseNavigationController.swift */ = {isa = PBXFileReference; fileEncoding = 4; lastKnownFileType = sourcecode.swift; path = BaseNavigationController.swift; sourceTree = "<group>"; };
		06C902911A9B51B30058935D /* BaseViewController.swift */ = {isa = PBXFileReference; fileEncoding = 4; lastKnownFileType = sourcecode.swift; path = BaseViewController.swift; sourceTree = "<group>"; };
		762ED638776ADDEADDB6C2B9 /* Pods-BaseProject.debug.xcconfig */ = {isa = PBXFileReference; includeInIndex = 1; lastKnownFileType = text.xcconfig; name = "Pods-BaseProject.debug.xcconfig"; path = "Pods/Target Support Files/Pods-BaseProject/Pods-BaseProject.debug.xcconfig"; sourceTree = "<group>"; };
		7CCF2E67127BC0F501B3BECB /* libPods-BaseProject.a */ = {isa = PBXFileReference; explicitFileType = archive.ar; includeInIndex = 0; path = "libPods-BaseProject.a"; sourceTree = BUILT_PRODUCTS_DIR; };
		C5E7F38215ECF324E92BF959 /* Pods-BaseProject.release.xcconfig */ = {isa = PBXFileReference; includeInIndex = 1; lastKnownFileType = text.xcconfig; name = "Pods-BaseProject.release.xcconfig"; path = "Pods/Target Support Files/Pods-BaseProject/Pods-BaseProject.release.xcconfig"; sourceTree = "<group>"; };
/* End PBXFileReference section */

/* Begin PBXFrameworksBuildPhase section */
		06C902601A9B50EB0058935D /* Frameworks */ = {
			isa = PBXFrameworksBuildPhase;
			buildActionMask = 2147483647;
			files = (
				C8FC0C44EACD930F67FE827D /* libPods-BaseProject.a in Frameworks */,
			);
			runOnlyForDeploymentPostprocessing = 0;
		};
		06C902751A9B50EC0058935D /* Frameworks */ = {
			isa = PBXFrameworksBuildPhase;
			buildActionMask = 2147483647;
			files = (
			);
			runOnlyForDeploymentPostprocessing = 0;
		};
/* End PBXFrameworksBuildPhase section */

/* Begin PBXGroup section */
		0634B3B71A9B56A10060AB05 /* Utils */ = {
			isa = PBXGroup;
			children = (
				0634B3B81A9B56B80060AB05 /* Utils.swift */,
				0634B3BA1A9B56CE0060AB05 /* BaseProject-Bridging-Header.h */,
				0634B3BD1A9B56EC0060AB05 /* Constants.h */,
			);
			name = Utils;
			sourceTree = "<group>";
		};
		0634B3BE1A9B58BE0060AB05 /* CustomViews */ = {
			isa = PBXGroup;
			children = (
				0634B3BF1A9B58E20060AB05 /* CustomUIAlertView.swift */,
			);
			name = CustomViews;
			sourceTree = "<group>";
		};
		06C9025A1A9B50EB0058935D = {
			isa = PBXGroup;
			children = (
				06C902651A9B50EC0058935D /* BaseProject */,
				06C9027B1A9B50EC0058935D /* BaseProjectTests */,
				06C902641A9B50EC0058935D /* Products */,
				8756EE7397F5984432F7903C /* Pods */,
				F0F1E5D89849D0DD4BD0A8AC /* Frameworks */,
			);
			sourceTree = "<group>";
		};
		06C902641A9B50EC0058935D /* Products */ = {
			isa = PBXGroup;
			children = (
				06C902631A9B50EC0058935D /* BaseProject.app */,
				06C902781A9B50EC0058935D /* BaseProjectTests.xctest */,
			);
			name = Products;
			sourceTree = "<group>";
		};
		06C902651A9B50EC0058935D /* BaseProject */ = {
			isa = PBXGroup;
			children = (
				06C9028D1A9B51420058935D /* UI */,
				06C902681A9B50EC0058935D /* AppDelegate.swift */,
				06C9026F1A9B50EC0058935D /* Images.xcassets */,
				06C902711A9B50EC0058935D /* LaunchScreen.xib */,
				0634B3B71A9B56A10060AB05 /* Utils */,
				06C902661A9B50EC0058935D /* Supporting Files */,
			);
			path = BaseProject;
			sourceTree = "<group>";
		};
		06C902661A9B50EC0058935D /* Supporting Files */ = {
			isa = PBXGroup;
			children = (
				06C902671A9B50EC0058935D /* Info.plist */,
			);
			name = "Supporting Files";
			sourceTree = "<group>";
		};
		06C9027B1A9B50EC0058935D /* BaseProjectTests */ = {
			isa = PBXGroup;
			children = (
				06C9027E1A9B50EC0058935D /* BaseProjectTests.swift */,
				06C9027C1A9B50EC0058935D /* Supporting Files */,
			);
			path = BaseProjectTests;
			sourceTree = "<group>";
		};
		06C9027C1A9B50EC0058935D /* Supporting Files */ = {
			isa = PBXGroup;
			children = (
				06C9027D1A9B50EC0058935D /* Info.plist */,
			);
			name = "Supporting Files";
			sourceTree = "<group>";
		};
		06C9028C1A9B51370058935D /* MainView */ = {
			isa = PBXGroup;
			children = (
				06C902881A9B51330058935D /* MainViewController.swift */,
				06C902891A9B51330058935D /* MainViewController.xib */,
			);
			name = MainView;
			sourceTree = "<group>";
		};
		06C9028D1A9B51420058935D /* UI */ = {
			isa = PBXGroup;
			children = (
				0634B3BE1A9B58BE0060AB05 /* CustomViews */,
				06C902901A9B51910058935D /* BaseClasses */,
				06C9028C1A9B51370058935D /* MainView */,
			);
			name = UI;
			sourceTree = "<group>";
		};
		06C902901A9B51910058935D /* BaseClasses */ = {
			isa = PBXGroup;
			children = (
				06C9028E1A9B51760058935D /* BaseNavigationController.swift */,
				06C902911A9B51B30058935D /* BaseViewController.swift */,
			);
			name = BaseClasses;
			sourceTree = "<group>";
		};
		8756EE7397F5984432F7903C /* Pods */ = {
			isa = PBXGroup;
			children = (
				762ED638776ADDEADDB6C2B9 /* Pods-BaseProject.debug.xcconfig */,
				C5E7F38215ECF324E92BF959 /* Pods-BaseProject.release.xcconfig */,
			);
			name = Pods;
			sourceTree = "<group>";
		};
		F0F1E5D89849D0DD4BD0A8AC /* Frameworks */ = {
			isa = PBXGroup;
			children = (
				7CCF2E67127BC0F501B3BECB /* libPods-BaseProject.a */,
			);
			name = Frameworks;
			sourceTree = "<group>";
		};
/* End PBXGroup section */

/* Begin PBXNativeTarget section */
		06C902621A9B50EB0058935D /* BaseProject */ = {
			isa = PBXNativeTarget;
			buildConfigurationList = 06C902821A9B50EC0058935D /* Build configuration list for PBXNativeTarget "BaseProject" */;
			buildPhases = (
				A56090DE3F5AC7EB9C225A7D /* Check Pods Manifest.lock */,
				06C9025F1A9B50EB0058935D /* Sources */,
				06C902601A9B50EB0058935D /* Frameworks */,
				06C902611A9B50EB0058935D /* Resources */,
				7F4BCA80E0AF08F2B2482B3E /* Copy Pods Resources */,
			);
			buildRules = (
			);
			dependencies = (
			);
			name = BaseProject;
			productName = BaseProject;
			productReference = 06C902631A9B50EC0058935D /* BaseProject.app */;
			productType = "com.apple.product-type.application";
		};
		06C902771A9B50EC0058935D /* BaseProjectTests */ = {
			isa = PBXNativeTarget;
			buildConfigurationList = 06C902851A9B50EC0058935D /* Build configuration list for PBXNativeTarget "BaseProjectTests" */;
			buildPhases = (
				06C902741A9B50EC0058935D /* Sources */,
				06C902751A9B50EC0058935D /* Frameworks */,
				06C902761A9B50EC0058935D /* Resources */,
			);
			buildRules = (
			);
			dependencies = (
				06C9027A1A9B50EC0058935D /* PBXTargetDependency */,
			);
			name = BaseProjectTests;
			productName = BaseProjectTests;
			productReference = 06C902781A9B50EC0058935D /* BaseProjectTests.xctest */;
			productType = "com.apple.product-type.bundle.unit-test";
		};
/* End PBXNativeTarget section */

/* Begin PBXProject section */
		06C9025B1A9B50EB0058935D /* Project object */ = {
			isa = PBXProject;
			attributes = {
				LastUpgradeCheck = 0610;
				ORGANIZATIONNAME = George;
				TargetAttributes = {
					06C902621A9B50EB0058935D = {
						CreatedOnToolsVersion = 6.1.1;
					};
					06C902771A9B50EC0058935D = {
						CreatedOnToolsVersion = 6.1.1;
						TestTargetID = 06C902621A9B50EB0058935D;
					};
				};
			};
			buildConfigurationList = 06C9025E1A9B50EB0058935D /* Build configuration list for PBXProject "BaseProject" */;
			compatibilityVersion = "Xcode 3.2";
			developmentRegion = English;
			hasScannedForEncodings = 0;
			knownRegions = (
				en,
				Base,
			);
			mainGroup = 06C9025A1A9B50EB0058935D;
			productRefGroup = 06C902641A9B50EC0058935D /* Products */;
			projectDirPath = "";
			projectRoot = "";
			targets = (
				06C902621A9B50EB0058935D /* BaseProject */,
				06C902771A9B50EC0058935D /* BaseProjectTests */,
			);
		};
/* End PBXProject section */

/* Begin PBXResourcesBuildPhase section */
		06C902611A9B50EB0058935D /* Resources */ = {
			isa = PBXResourcesBuildPhase;
			buildActionMask = 2147483647;
			files = (
				06C902731A9B50EC0058935D /* LaunchScreen.xib in Resources */,
				06C9028B1A9B51330058935D /* MainViewController.xib in Resources */,
				06C902701A9B50EC0058935D /* Images.xcassets in Resources */,
			);
			runOnlyForDeploymentPostprocessing = 0;
		};
		06C902761A9B50EC0058935D /* Resources */ = {
			isa = PBXResourcesBuildPhase;
			buildActionMask = 2147483647;
			files = (
			);
			runOnlyForDeploymentPostprocessing = 0;
		};
/* End PBXResourcesBuildPhase section */

/* Begin PBXShellScriptBuildPhase section */
		7F4BCA80E0AF08F2B2482B3E /* Copy Pods Resources */ = {
			isa = PBXShellScriptBuildPhase;
			buildActionMask = 2147483647;
			files = (
			);
			inputPaths = (
			);
			name = "Copy Pods Resources";
			outputPaths = (
			);
			runOnlyForDeploymentPostprocessing = 0;
			shellPath = /bin/sh;
			shellScript = "\"${SRCROOT}/Pods/Target Support Files/Pods-BaseProject/Pods-BaseProject-resources.sh\"\n";
			showEnvVarsInLog = 0;
		};
		A56090DE3F5AC7EB9C225A7D /* Check Pods Manifest.lock */ = {
			isa = PBXShellScriptBuildPhase;
			buildActionMask = 2147483647;
			files = (
			);
			inputPaths = (
			);
			name = "Check Pods Manifest.lock";
			outputPaths = (
			);
			runOnlyForDeploymentPostprocessing = 0;
			shellPath = /bin/sh;
			shellScript = "diff \"${PODS_ROOT}/../Podfile.lock\" \"${PODS_ROOT}/Manifest.lock\" > /dev/null\nif [[ $? != 0 ]] ; then\n    cat << EOM\nerror: The sandbox is not in sync with the Podfile.lock. Run 'pod install' or update your CocoaPods installation.\nEOM\n    exit 1\nfi\n";
			showEnvVarsInLog = 0;
		};
/* End PBXShellScriptBuildPhase section */

/* Begin PBXSourcesBuildPhase section */
		06C9025F1A9B50EB0058935D /* Sources */ = {
			isa = PBXSourcesBuildPhase;
			buildActionMask = 2147483647;
			files = (
				0634B3B91A9B56B80060AB05 /* Utils.swift in Sources */,
				06C902691A9B50EC0058935D /* AppDelegate.swift in Sources */,
				0634B3C01A9B58E20060AB05 /* CustomUIAlertView.swift in Sources */,
				06C902921A9B51B30058935D /* BaseViewController.swift in Sources */,
				06C9028A1A9B51330058935D /* MainViewController.swift in Sources */,
				06C9028F1A9B51760058935D /* BaseNavigationController.swift in Sources */,
			);
			runOnlyForDeploymentPostprocessing = 0;
		};
		06C902741A9B50EC0058935D /* Sources */ = {
			isa = PBXSourcesBuildPhase;
			buildActionMask = 2147483647;
			files = (
				06C9027F1A9B50EC0058935D /* BaseProjectTests.swift in Sources */,
			);
			runOnlyForDeploymentPostprocessing = 0;
		};
/* End PBXSourcesBuildPhase section */

/* Begin PBXTargetDependency section */
		06C9027A1A9B50EC0058935D /* PBXTargetDependency */ = {
			isa = PBXTargetDependency;
			target = 06C902621A9B50EB0058935D /* BaseProject */;
			targetProxy = 06C902791A9B50EC0058935D /* PBXContainerItemProxy */;
		};
/* End PBXTargetDependency section */

/* Begin PBXVariantGroup section */
		06C902711A9B50EC0058935D /* LaunchScreen.xib */ = {
			isa = PBXVariantGroup;
			children = (
				06C902721A9B50EC0058935D /* Base */,
			);
			name = LaunchScreen.xib;
			sourceTree = "<group>";
		};
/* End PBXVariantGroup section */

/* Begin XCBuildConfiguration section */
		06C902801A9B50EC0058935D /* Debug */ = {
			isa = XCBuildConfiguration;
			buildSettings = {
				ALWAYS_SEARCH_USER_PATHS = NO;
				CLANG_CXX_LANGUAGE_STANDARD = "gnu++0x";
				CLANG_CXX_LIBRARY = "libc++";
				CLANG_ENABLE_MODULES = YES;
				CLANG_ENABLE_OBJC_ARC = YES;
				CLANG_WARN_BOOL_CONVERSION = YES;
				CLANG_WARN_CONSTANT_CONVERSION = YES;
				CLANG_WARN_DIRECT_OBJC_ISA_USAGE = YES_ERROR;
				CLANG_WARN_EMPTY_BODY = YES;
				CLANG_WARN_ENUM_CONVERSION = YES;
				CLANG_WARN_INT_CONVERSION = YES;
				CLANG_WARN_OBJC_ROOT_CLASS = YES_ERROR;
				CLANG_WARN_UNREACHABLE_CODE = YES;
				CLANG_WARN__DUPLICATE_METHOD_MATCH = YES;
				"CODE_SIGN_IDENTITY[sdk=iphoneos*]" = "iPhone Developer";
				COPY_PHASE_STRIP = NO;
				ENABLE_STRICT_OBJC_MSGSEND = YES;
				GCC_C_LANGUAGE_STANDARD = gnu99;
				GCC_DYNAMIC_NO_PIC = NO;
				GCC_OPTIMIZATION_LEVEL = 0;
				GCC_PREPROCESSOR_DEFINITIONS = (
					"DEBUG=1",
					"$(inherited)",
				);
				GCC_SYMBOLS_PRIVATE_EXTERN = NO;
				GCC_WARN_64_TO_32_BIT_CONVERSION = YES;
				GCC_WARN_ABOUT_RETURN_TYPE = YES_ERROR;
				GCC_WARN_UNDECLARED_SELECTOR = YES;
				GCC_WARN_UNINITIALIZED_AUTOS = YES_AGGRESSIVE;
				GCC_WARN_UNUSED_FUNCTION = YES;
				GCC_WARN_UNUSED_VARIABLE = YES;
				IPHONEOS_DEPLOYMENT_TARGET = 8.1;
				MTL_ENABLE_DEBUG_INFO = YES;
				ONLY_ACTIVE_ARCH = YES;
				SDKROOT = iphoneos;
				SWIFT_OPTIMIZATION_LEVEL = "-Onone";
			};
			name = Debug;
		};
		06C902811A9B50EC0058935D /* Release */ = {
			isa = XCBuildConfiguration;
			buildSettings = {
				ALWAYS_SEARCH_USER_PATHS = NO;
				CLANG_CXX_LANGUAGE_STANDARD = "gnu++0x";
				CLANG_CXX_LIBRARY = "libc++";
				CLANG_ENABLE_MODULES = YES;
				CLANG_ENABLE_OBJC_ARC = YES;
				CLANG_WARN_BOOL_CONVERSION = YES;
				CLANG_WARN_CONSTANT_CONVERSION = YES;
				CLANG_WARN_DIRECT_OBJC_ISA_USAGE = YES_ERROR;
				CLANG_WARN_EMPTY_BODY = YES;
				CLANG_WARN_ENUM_CONVERSION = YES;
				CLANG_WARN_INT_CONVERSION = YES;
				CLANG_WARN_OBJC_ROOT_CLASS = YES_ERROR;
				CLANG_WARN_UNREACHABLE_CODE = YES;
				CLANG_WARN__DUPLICATE_METHOD_MATCH = YES;
				"CODE_SIGN_IDENTITY[sdk=iphoneos*]" = "iPhone Developer";
				COPY_PHASE_STRIP = YES;
				ENABLE_NS_ASSERTIONS = NO;
				ENABLE_STRICT_OBJC_MSGSEND = YES;
				GCC_C_LANGUAGE_STANDARD = gnu99;
				GCC_WARN_64_TO_32_BIT_CONVERSION = YES;
				GCC_WARN_ABOUT_RETURN_TYPE = YES_ERROR;
				GCC_WARN_UNDECLARED_SELECTOR = YES;
				GCC_WARN_UNINITIALIZED_AUTOS = YES_AGGRESSIVE;
				GCC_WARN_UNUSED_FUNCTION = YES;
				GCC_WARN_UNUSED_VARIABLE = YES;
				IPHONEOS_DEPLOYMENT_TARGET = 8.1;
				MTL_ENABLE_DEBUG_INFO = NO;
				SDKROOT = iphoneos;
				VALIDATE_PRODUCT = YES;
			};
			name = Release;
		};
		06C902831A9B50EC0058935D /* Debug */ = {
			isa = XCBuildConfiguration;
			baseConfigurationReference = 762ED638776ADDEADDB6C2B9 /* Pods-BaseProject.debug.xcconfig */;
			buildSettings = {
				ASSETCATALOG_COMPILER_APPICON_NAME = AppIcon;
				CLANG_ENABLE_MODULES = YES;
				INFOPLIST_FILE = BaseProject/Info.plist;
				IPHONEOS_DEPLOYMENT_TARGET = 7.1;
				LD_RUNPATH_SEARCH_PATHS = "$(inherited) @executable_path/Frameworks";
				PRODUCT_NAME = "$(TARGET_NAME)";
				SWIFT_OBJC_BRIDGING_HEADER = "BaseProject/BaseProject-Bridging-Header.h";
				SWIFT_OPTIMIZATION_LEVEL = "-Onone";
			};
			name = Debug;
		};
		06C902841A9B50EC0058935D /* Release */ = {
			isa = XCBuildConfiguration;
			baseConfigurationReference = C5E7F38215ECF324E92BF959 /* Pods-BaseProject.release.xcconfig */;
			buildSettings = {
				ASSETCATALOG_COMPILER_APPICON_NAME = AppIcon;
				CLANG_ENABLE_MODULES = YES;
				INFOPLIST_FILE = BaseProject/Info.plist;
				IPHONEOS_DEPLOYMENT_TARGET = 7.1;
				LD_RUNPATH_SEARCH_PATHS = "$(inherited) @executable_path/Frameworks";
				PRODUCT_NAME = "$(TARGET_NAME)";
				SWIFT_OBJC_BRIDGING_HEADER = "BaseProject/BaseProject-Bridging-Header.h";
			};
			name = Release;
		};
		06C902861A9B50EC0058935D /* Debug */ = {
			isa = XCBuildConfiguration;
			buildSettings = {
				BUNDLE_LOADER = "$(TEST_HOST)";
				FRAMEWORK_SEARCH_PATHS = (
					"$(SDKROOT)/Developer/Library/Frameworks",
					"$(inherited)",
				);
				GCC_PREPROCESSOR_DEFINITIONS = (
					"DEBUG=1",
					"$(inherited)",
				);
				INFOPLIST_FILE = BaseProjectTests/Info.plist;
				LD_RUNPATH_SEARCH_PATHS = "$(inherited) @executable_path/Frameworks @loader_path/Frameworks";
				PRODUCT_NAME = "$(TARGET_NAME)";
				TEST_HOST = "$(BUILT_PRODUCTS_DIR)/BaseProject.app/BaseProject";
			};
			name = Debug;
		};
		06C902871A9B50EC0058935D /* Release */ = {
			isa = XCBuildConfiguration;
			buildSettings = {
				BUNDLE_LOADER = "$(TEST_HOST)";
				FRAMEWORK_SEARCH_PATHS = (
					"$(SDKROOT)/Developer/Library/Frameworks",
					"$(inherited)",
				);
				INFOPLIST_FILE = BaseProjectTests/Info.plist;
				LD_RUNPATH_SEARCH_PATHS = "$(inherited) @executable_path/Frameworks @loader_path/Frameworks";
				PRODUCT_NAME = "$(TARGET_NAME)";
				TEST_HOST = "$(BUILT_PRODUCTS_DIR)/BaseProject.app/BaseProject";
			};
			name = Release;
		};
/* End XCBuildConfiguration section */

/* Begin XCConfigurationList section */
		06C9025E1A9B50EB0058935D /* Build configuration list for PBXProject "BaseProject" */ = {
			isa = XCConfigurationList;
			buildConfigurations = (
				06C902801A9B50EC0058935D /* Debug */,
				06C902811A9B50EC0058935D /* Release */,
			);
			defaultConfigurationIsVisible = 0;
			defaultConfigurationName = Release;
		};
		06C902821A9B50EC0058935D /* Build configuration list for PBXNativeTarget "BaseProject" */ = {
			isa = XCConfigurationList;
			buildConfigurations = (
				06C902831A9B50EC0058935D /* Debug */,
				06C902841A9B50EC0058935D /* Release */,
			);
			defaultConfigurationIsVisible = 0;
			defaultConfigurationName = Release;
		};
		06C902851A9B50EC0058935D /* Build configuration list for PBXNativeTarget "BaseProjectTests" */ = {
			isa = XCConfigurationList;
			buildConfigurations = (
				06C902861A9B50EC0058935D /* Debug */,
				06C902871A9B50EC0058935D /* Release */,
			);
			defaultConfigurationIsVisible = 0;
			defaultConfigurationName = Release;
		};
/* End XCConfigurationList section */
	};
	rootObject = 06C9025B1A9B50EB0058935D /* Project object */;
}
